// !$*UTF8*$!
{
	archiveVersion = 1;
	classes = {
	};
	objectVersion = 51;
	objects = {

/* Begin PBXBuildFile section */
		9129CAB22727AC53009C50BE /* CommentCell.swift in Sources */ = {isa = PBXBuildFile; fileRef = 9129CAB12727AC53009C50BE /* CommentCell.swift */; };
		913AE967271E6FBC00E0704C /* LoginViewController.swift in Sources */ = {isa = PBXBuildFile; fileRef = 913AE966271E6FBC00E0704C /* LoginViewController.swift */; };
		913AE969271E6FD100E0704C /* FeedViewController.swift in Sources */ = {isa = PBXBuildFile; fileRef = 913AE968271E6FD100E0704C /* FeedViewController.swift */; };
		913AE96B271E7A9600E0704C /* CameraViewController.swift in Sources */ = {isa = PBXBuildFile; fileRef = 913AE96A271E7A9600E0704C /* CameraViewController.swift */; };
		913AE96D271E862400E0704C /* PostCell.swift in Sources */ = {isa = PBXBuildFile; fileRef = 913AE96C271E862400E0704C /* PostCell.swift */; };
		91704222271D4E4F00EE3539 /* AppDelegate.swift in Sources */ = {isa = PBXBuildFile; fileRef = 91704221271D4E4F00EE3539 /* AppDelegate.swift */; };
		91704224271D4E4F00EE3539 /* SceneDelegate.swift in Sources */ = {isa = PBXBuildFile; fileRef = 91704223271D4E4F00EE3539 /* SceneDelegate.swift */; };
		91704229271D4E4F00EE3539 /* Main.storyboard in Resources */ = {isa = PBXBuildFile; fileRef = 91704227271D4E4F00EE3539 /* Main.storyboard */; };
		9170422B271D4E5000EE3539 /* Assets.xcassets in Resources */ = {isa = PBXBuildFile; fileRef = 9170422A271D4E5000EE3539 /* Assets.xcassets */; };
		9170422E271D4E5000EE3539 /* LaunchScreen.storyboard in Resources */ = {isa = PBXBuildFile; fileRef = 9170422C271D4E5000EE3539 /* LaunchScreen.storyboard */; };
		91704239271D4E5000EE3539 /* ParstagramTests.swift in Sources */ = {isa = PBXBuildFile; fileRef = 91704238271D4E5000EE3539 /* ParstagramTests.swift */; };
		91704244271D4E5000EE3539 /* ParstagramUITests.swift in Sources */ = {isa = PBXBuildFile; fileRef = 91704243271D4E5000EE3539 /* ParstagramUITests.swift */; };
		93B15610AEAC36AFDDC1CD3F /* Pods_Parstagram.framework in Frameworks */ = {isa = PBXBuildFile; fileRef = 6830B2BFE197F78ED79B89D6 /* Pods_Parstagram.framework */; };
		96A94DAB67D18E0E8474C6A4 /* Pods_ParstagramTests.framework in Frameworks */ = {isa = PBXBuildFile; fileRef = 2FCB78141BCFC8213DAD9B4B /* Pods_ParstagramTests.framework */; };
		96CFC1CBB7ACEF7505A60B4E /* Pods_Parstagram_ParstagramUITests.framework in Frameworks */ = {isa = PBXBuildFile; fileRef = A91F56C0C3FF482B687A427A /* Pods_Parstagram_ParstagramUITests.framework */; };
/* End PBXBuildFile section */

/* Begin PBXContainerItemProxy section */
		91704235271D4E5000EE3539 /* PBXContainerItemProxy */ = {
			isa = PBXContainerItemProxy;
			containerPortal = 91704216271D4E4F00EE3539 /* Project object */;
			proxyType = 1;
			remoteGlobalIDString = 9170421D271D4E4F00EE3539;
			remoteInfo = Parstagram;
		};
		91704240271D4E5000EE3539 /* PBXContainerItemProxy */ = {
			isa = PBXContainerItemProxy;
			containerPortal = 91704216271D4E4F00EE3539 /* Project object */;
			proxyType = 1;
			remoteGlobalIDString = 9170421D271D4E4F00EE3539;
			remoteInfo = Parstagram;
		};
/* End PBXContainerItemProxy section */

/* Begin PBXFileReference section */
		29C321535412AB3B16B45346 /* Pods-Parstagram-ParstagramUITests.release.xcconfig */ = {isa = PBXFileReference; includeInIndex = 1; lastKnownFileType = text.xcconfig; name = "Pods-Parstagram-ParstagramUITests.release.xcconfig"; path = "Target Support Files/Pods-Parstagram-ParstagramUITests/Pods-Parstagram-ParstagramUITests.release.xcconfig"; sourceTree = "<group>"; };
		2FCB78141BCFC8213DAD9B4B /* Pods_ParstagramTests.framework */ = {isa = PBXFileReference; explicitFileType = wrapper.framework; includeInIndex = 0; path = Pods_ParstagramTests.framework; sourceTree = BUILT_PRODUCTS_DIR; };
		46923E63B6424A441E43FA45 /* Pods-ParstagramTests.release.xcconfig */ = {isa = PBXFileReference; includeInIndex = 1; lastKnownFileType = text.xcconfig; name = "Pods-ParstagramTests.release.xcconfig"; path = "Target Support Files/Pods-ParstagramTests/Pods-ParstagramTests.release.xcconfig"; sourceTree = "<group>"; };
		5581031D7028E70E5EA15EDD /* Pods-Parstagram-ParstagramUITests.debug.xcconfig */ = {isa = PBXFileReference; includeInIndex = 1; lastKnownFileType = text.xcconfig; name = "Pods-Parstagram-ParstagramUITests.debug.xcconfig"; path = "Target Support Files/Pods-Parstagram-ParstagramUITests/Pods-Parstagram-ParstagramUITests.debug.xcconfig"; sourceTree = "<group>"; };
		6830B2BFE197F78ED79B89D6 /* Pods_Parstagram.framework */ = {isa = PBXFileReference; explicitFileType = wrapper.framework; includeInIndex = 0; path = Pods_Parstagram.framework; sourceTree = BUILT_PRODUCTS_DIR; };
		9129CAB12727AC53009C50BE /* CommentCell.swift */ = {isa = PBXFileReference; lastKnownFileType = sourcecode.swift; path = CommentCell.swift; sourceTree = "<group>"; };
		913AE966271E6FBC00E0704C /* LoginViewController.swift */ = {isa = PBXFileReference; lastKnownFileType = sourcecode.swift; path = LoginViewController.swift; sourceTree = "<group>"; };
		913AE968271E6FD100E0704C /* FeedViewController.swift */ = {isa = PBXFileReference; lastKnownFileType = sourcecode.swift; path = FeedViewController.swift; sourceTree = "<group>"; };
		913AE96A271E7A9600E0704C /* CameraViewController.swift */ = {isa = PBXFileReference; lastKnownFileType = sourcecode.swift; path = CameraViewController.swift; sourceTree = "<group>"; };
		913AE96C271E862400E0704C /* PostCell.swift */ = {isa = PBXFileReference; lastKnownFileType = sourcecode.swift; path = PostCell.swift; sourceTree = "<group>"; };
		9170421E271D4E4F00EE3539 /* Parstagram.app */ = {isa = PBXFileReference; explicitFileType = wrapper.application; includeInIndex = 0; path = Parstagram.app; sourceTree = BUILT_PRODUCTS_DIR; };
		91704221271D4E4F00EE3539 /* AppDelegate.swift */ = {isa = PBXFileReference; lastKnownFileType = sourcecode.swift; path = AppDelegate.swift; sourceTree = "<group>"; };
		91704223271D4E4F00EE3539 /* SceneDelegate.swift */ = {isa = PBXFileReference; lastKnownFileType = sourcecode.swift; path = SceneDelegate.swift; sourceTree = "<group>"; };
		91704228271D4E4F00EE3539 /* Base */ = {isa = PBXFileReference; lastKnownFileType = file.storyboard; name = Base; path = Base.lproj/Main.storyboard; sourceTree = "<group>"; };
		9170422A271D4E5000EE3539 /* Assets.xcassets */ = {isa = PBXFileReference; lastKnownFileType = folder.assetcatalog; path = Assets.xcassets; sourceTree = "<group>"; };
		9170422D271D4E5000EE3539 /* Base */ = {isa = PBXFileReference; lastKnownFileType = file.storyboard; name = Base; path = Base.lproj/LaunchScreen.storyboard; sourceTree = "<group>"; };
		9170422F271D4E5000EE3539 /* Info.plist */ = {isa = PBXFileReference; lastKnownFileType = text.plist.xml; path = Info.plist; sourceTree = "<group>"; };
		91704234271D4E5000EE3539 /* ParstagramTests.xctest */ = {isa = PBXFileReference; explicitFileType = wrapper.cfbundle; includeInIndex = 0; path = ParstagramTests.xctest; sourceTree = BUILT_PRODUCTS_DIR; };
		91704238271D4E5000EE3539 /* ParstagramTests.swift */ = {isa = PBXFileReference; lastKnownFileType = sourcecode.swift; path = ParstagramTests.swift; sourceTree = "<group>"; };
		9170423A271D4E5000EE3539 /* Info.plist */ = {isa = PBXFileReference; lastKnownFileType = text.plist.xml; path = Info.plist; sourceTree = "<group>"; };
		9170423F271D4E5000EE3539 /* ParstagramUITests.xctest */ = {isa = PBXFileReference; explicitFileType = wrapper.cfbundle; includeInIndex = 0; path = ParstagramUITests.xctest; sourceTree = BUILT_PRODUCTS_DIR; };
		91704243271D4E5000EE3539 /* ParstagramUITests.swift */ = {isa = PBXFileReference; lastKnownFileType = sourcecode.swift; path = ParstagramUITests.swift; sourceTree = "<group>"; };
		91704245271D4E5000EE3539 /* Info.plist */ = {isa = PBXFileReference; lastKnownFileType = text.plist.xml; path = Info.plist; sourceTree = "<group>"; };
		9B8F21804C6B1E22898E3F33 /* Pods-ParstagramTests.debug.xcconfig */ = {isa = PBXFileReference; includeInIndex = 1; lastKnownFileType = text.xcconfig; name = "Pods-ParstagramTests.debug.xcconfig"; path = "Target Support Files/Pods-ParstagramTests/Pods-ParstagramTests.debug.xcconfig"; sourceTree = "<group>"; };
		A91F56C0C3FF482B687A427A /* Pods_Parstagram_ParstagramUITests.framework */ = {isa = PBXFileReference; explicitFileType = wrapper.framework; includeInIndex = 0; path = Pods_Parstagram_ParstagramUITests.framework; sourceTree = BUILT_PRODUCTS_DIR; };
		DBFCBD5D6FC82987F09D2497 /* Pods-Parstagram.debug.xcconfig */ = {isa = PBXFileReference; includeInIndex = 1; lastKnownFileType = text.xcconfig; name = "Pods-Parstagram.debug.xcconfig"; path = "Target Support Files/Pods-Parstagram/Pods-Parstagram.debug.xcconfig"; sourceTree = "<group>"; };
		F366F8A2942398C302F1098E /* Pods-Parstagram.release.xcconfig */ = {isa = PBXFileReference; includeInIndex = 1; lastKnownFileType = text.xcconfig; name = "Pods-Parstagram.release.xcconfig"; path = "Target Support Files/Pods-Parstagram/Pods-Parstagram.release.xcconfig"; sourceTree = "<group>"; };
/* End PBXFileReference section */

/* Begin PBXFrameworksBuildPhase section */
		9170421B271D4E4F00EE3539 /* Frameworks */ = {
			isa = PBXFrameworksBuildPhase;
			buildActionMask = 2147483647;
			files = (
				93B15610AEAC36AFDDC1CD3F /* Pods_Parstagram.framework in Frameworks */,
			);
			runOnlyForDeploymentPostprocessing = 0;
		};
		91704231271D4E5000EE3539 /* Frameworks */ = {
			isa = PBXFrameworksBuildPhase;
			buildActionMask = 2147483647;
			files = (
				96A94DAB67D18E0E8474C6A4 /* Pods_ParstagramTests.framework in Frameworks */,
			);
			runOnlyForDeploymentPostprocessing = 0;
		};
		9170423C271D4E5000EE3539 /* Frameworks */ = {
			isa = PBXFrameworksBuildPhase;
			buildActionMask = 2147483647;
			files = (
				96CFC1CBB7ACEF7505A60B4E /* Pods_Parstagram_ParstagramUITests.framework in Frameworks */,
			);
			runOnlyForDeploymentPostprocessing = 0;
		};
/* End PBXFrameworksBuildPhase section */

/* Begin PBXGroup section */
		6BEFA52BFF2F1E3D0A6F1576 /* Frameworks */ = {
			isa = PBXGroup;
			children = (
				6830B2BFE197F78ED79B89D6 /* Pods_Parstagram.framework */,
				A91F56C0C3FF482B687A427A /* Pods_Parstagram_ParstagramUITests.framework */,
				2FCB78141BCFC8213DAD9B4B /* Pods_ParstagramTests.framework */,
			);
			name = Frameworks;
			sourceTree = "<group>";
		};
		91704215271D4E4F00EE3539 = {
			isa = PBXGroup;
			children = (
				91704220271D4E4F00EE3539 /* Parstagram */,
				91704237271D4E5000EE3539 /* ParstagramTests */,
				91704242271D4E5000EE3539 /* ParstagramUITests */,
				9170421F271D4E4F00EE3539 /* Products */,
				A07F155D1C700D467AA94554 /* Pods */,
				6BEFA52BFF2F1E3D0A6F1576 /* Frameworks */,
			);
			sourceTree = "<group>";
		};
		9170421F271D4E4F00EE3539 /* Products */ = {
			isa = PBXGroup;
			children = (
				9170421E271D4E4F00EE3539 /* Parstagram.app */,
				91704234271D4E5000EE3539 /* ParstagramTests.xctest */,
				9170423F271D4E5000EE3539 /* ParstagramUITests.xctest */,
			);
			name = Products;
			sourceTree = "<group>";
		};
		91704220271D4E4F00EE3539 /* Parstagram */ = {
			isa = PBXGroup;
			children = (
				91704221271D4E4F00EE3539 /* AppDelegate.swift */,
				91704223271D4E4F00EE3539 /* SceneDelegate.swift */,
				91704227271D4E4F00EE3539 /* Main.storyboard */,
				9170422A271D4E5000EE3539 /* Assets.xcassets */,
				9170422C271D4E5000EE3539 /* LaunchScreen.storyboard */,
				9170422F271D4E5000EE3539 /* Info.plist */,
				913AE966271E6FBC00E0704C /* LoginViewController.swift */,
				913AE968271E6FD100E0704C /* FeedViewController.swift */,
				913AE96A271E7A9600E0704C /* CameraViewController.swift */,
				913AE96C271E862400E0704C /* PostCell.swift */,
				9129CAB12727AC53009C50BE /* CommentCell.swift */,
			);
			path = Parstagram;
			sourceTree = "<group>";
		};
		91704237271D4E5000EE3539 /* ParstagramTests */ = {
			isa = PBXGroup;
			children = (
				91704238271D4E5000EE3539 /* ParstagramTests.swift */,
				9170423A271D4E5000EE3539 /* Info.plist */,
			);
			path = ParstagramTests;
			sourceTree = "<group>";
		};
		91704242271D4E5000EE3539 /* ParstagramUITests */ = {
			isa = PBXGroup;
			children = (
				91704243271D4E5000EE3539 /* ParstagramUITests.swift */,
				91704245271D4E5000EE3539 /* Info.plist */,
			);
			path = ParstagramUITests;
			sourceTree = "<group>";
		};
		A07F155D1C700D467AA94554 /* Pods */ = {
			isa = PBXGroup;
			children = (
				DBFCBD5D6FC82987F09D2497 /* Pods-Parstagram.debug.xcconfig */,
				F366F8A2942398C302F1098E /* Pods-Parstagram.release.xcconfig */,
				5581031D7028E70E5EA15EDD /* Pods-Parstagram-ParstagramUITests.debug.xcconfig */,
				29C321535412AB3B16B45346 /* Pods-Parstagram-ParstagramUITests.release.xcconfig */,
				9B8F21804C6B1E22898E3F33 /* Pods-ParstagramTests.debug.xcconfig */,
				46923E63B6424A441E43FA45 /* Pods-ParstagramTests.release.xcconfig */,
			);
			path = Pods;
			sourceTree = "<group>";
		};
/* End PBXGroup section */

/* Begin PBXNativeTarget section */
		9170421D271D4E4F00EE3539 /* Parstagram */ = {
			isa = PBXNativeTarget;
			buildConfigurationList = 91704248271D4E5000EE3539 /* Build configuration list for PBXNativeTarget "Parstagram" */;
			buildPhases = (
				CAAD39D5E3DB0EC4F62EF4EB /* [CP] Check Pods Manifest.lock */,
				9170421A271D4E4F00EE3539 /* Sources */,
				9170421B271D4E4F00EE3539 /* Frameworks */,
				9170421C271D4E4F00EE3539 /* Resources */,
				6466F0236B946C765F31DFD4 /* [CP] Embed Pods Frameworks */,
			);
			buildRules = (
			);
			dependencies = (
			);
			name = Parstagram;
			productName = Parstagram;
			productReference = 9170421E271D4E4F00EE3539 /* Parstagram.app */;
			productType = "com.apple.product-type.application";
		};
		91704233271D4E5000EE3539 /* ParstagramTests */ = {
			isa = PBXNativeTarget;
			buildConfigurationList = 9170424B271D4E5000EE3539 /* Build configuration list for PBXNativeTarget "ParstagramTests" */;
			buildPhases = (
				BB56834AF81AC2C54B33D47E /* [CP] Check Pods Manifest.lock */,
				91704230271D4E5000EE3539 /* Sources */,
				91704231271D4E5000EE3539 /* Frameworks */,
				91704232271D4E5000EE3539 /* Resources */,
			);
			buildRules = (
			);
			dependencies = (
				91704236271D4E5000EE3539 /* PBXTargetDependency */,
			);
			name = ParstagramTests;
			productName = ParstagramTests;
			productReference = 91704234271D4E5000EE3539 /* ParstagramTests.xctest */;
			productType = "com.apple.product-type.bundle.unit-test";
		};
		9170423E271D4E5000EE3539 /* ParstagramUITests */ = {
			isa = PBXNativeTarget;
			buildConfigurationList = 9170424E271D4E5000EE3539 /* Build configuration list for PBXNativeTarget "ParstagramUITests" */;
			buildPhases = (
				016DE9D798FC915FD4CCDFEE /* [CP] Check Pods Manifest.lock */,
				9170423B271D4E5000EE3539 /* Sources */,
				9170423C271D4E5000EE3539 /* Frameworks */,
				9170423D271D4E5000EE3539 /* Resources */,
				39ED7D08B39725E7AF822A73 /* [CP] Embed Pods Frameworks */,
			);
			buildRules = (
			);
			dependencies = (
				91704241271D4E5000EE3539 /* PBXTargetDependency */,
			);
			name = ParstagramUITests;
			productName = ParstagramUITests;
			productReference = 9170423F271D4E5000EE3539 /* ParstagramUITests.xctest */;
			productType = "com.apple.product-type.bundle.ui-testing";
		};
/* End PBXNativeTarget section */

/* Begin PBXProject section */
		91704216271D4E4F00EE3539 /* Project object */ = {
			isa = PBXProject;
			attributes = {
				LastSwiftUpdateCheck = 1250;
				LastUpgradeCheck = 1250;
				TargetAttributes = {
					9170421D271D4E4F00EE3539 = {
						CreatedOnToolsVersion = 12.5.1;
					};
					91704233271D4E5000EE3539 = {
						CreatedOnToolsVersion = 12.5.1;
						TestTargetID = 9170421D271D4E4F00EE3539;
					};
					9170423E271D4E5000EE3539 = {
						CreatedOnToolsVersion = 12.5.1;
						TestTargetID = 9170421D271D4E4F00EE3539;
					};
				};
			};
			buildConfigurationList = 91704219271D4E4F00EE3539 /* Build configuration list for PBXProject "Parstagram" */;
			compatibilityVersion = "Xcode 9.3";
			developmentRegion = en;
			hasScannedForEncodings = 0;
			knownRegions = (
				en,
				Base,
			);
			mainGroup = 91704215271D4E4F00EE3539;
			productRefGroup = 9170421F271D4E4F00EE3539 /* Products */;
			projectDirPath = "";
			projectRoot = "";
			targets = (
				9170421D271D4E4F00EE3539 /* Parstagram */,
				91704233271D4E5000EE3539 /* ParstagramTests */,
				9170423E271D4E5000EE3539 /* ParstagramUITests */,
			);
		};
/* End PBXProject section */

/* Begin PBXResourcesBuildPhase section */
		9170421C271D4E4F00EE3539 /* Resources */ = {
			isa = PBXResourcesBuildPhase;
			buildActionMask = 2147483647;
			files = (
				9170422E271D4E5000EE3539 /* LaunchScreen.storyboard in Resources */,
				9170422B271D4E5000EE3539 /* Assets.xcassets in Resources */,
				91704229271D4E4F00EE3539 /* Main.storyboard in Resources */,
			);
			runOnlyForDeploymentPostprocessing = 0;
		};
		91704232271D4E5000EE3539 /* Resources */ = {
			isa = PBXResourcesBuildPhase;
			buildActionMask = 2147483647;
			files = (
			);
			runOnlyForDeploymentPostprocessing = 0;
		};
		9170423D271D4E5000EE3539 /* Resources */ = {
			isa = PBXResourcesBuildPhase;
			buildActionMask = 2147483647;
			files = (
			);
			runOnlyForDeploymentPostprocessing = 0;
		};
/* End PBXResourcesBuildPhase section */

/* Begin PBXShellScriptBuildPhase section */
		016DE9D798FC915FD4CCDFEE /* [CP] Check Pods Manifest.lock */ = {
			isa = PBXShellScriptBuildPhase;
			buildActionMask = 2147483647;
			files = (
			);
			inputFileListPaths = (
			);
			inputPaths = (
				"${PODS_PODFILE_DIR_PATH}/Podfile.lock",
				"${PODS_ROOT}/Manifest.lock",
			);
			name = "[CP] Check Pods Manifest.lock";
			outputFileListPaths = (
			);
			outputPaths = (
				"$(DERIVED_FILE_DIR)/Pods-Parstagram-ParstagramUITests-checkManifestLockResult.txt",
			);
			runOnlyForDeploymentPostprocessing = 0;
			shellPath = /bin/sh;
			shellScript = "diff \"${PODS_PODFILE_DIR_PATH}/Podfile.lock\" \"${PODS_ROOT}/Manifest.lock\" > /dev/null\nif [ $? != 0 ] ; then\n    # print error to STDERR\n    echo \"error: The sandbox is not in sync with the Podfile.lock. Run 'pod install' or update your CocoaPods installation.\" >&2\n    exit 1\nfi\n# This output is used by Xcode 'outputs' to avoid re-running this script phase.\necho \"SUCCESS\" > \"${SCRIPT_OUTPUT_FILE_0}\"\n";
			showEnvVarsInLog = 0;
		};
		39ED7D08B39725E7AF822A73 /* [CP] Embed Pods Frameworks */ = {
			isa = PBXShellScriptBuildPhase;
			buildActionMask = 2147483647;
			files = (
			);
			inputFileListPaths = (
				"${PODS_ROOT}/Target Support Files/Pods-Parstagram-ParstagramUITests/Pods-Parstagram-ParstagramUITests-frameworks-${CONFIGURATION}-input-files.xcfilelist",
			);
			name = "[CP] Embed Pods Frameworks";
			outputFileListPaths = (
				"${PODS_ROOT}/Target Support Files/Pods-Parstagram-ParstagramUITests/Pods-Parstagram-ParstagramUITests-frameworks-${CONFIGURATION}-output-files.xcfilelist",
			);
			runOnlyForDeploymentPostprocessing = 0;
			shellPath = /bin/sh;
			shellScript = "\"${PODS_ROOT}/Target Support Files/Pods-Parstagram-ParstagramUITests/Pods-Parstagram-ParstagramUITests-frameworks.sh\"\n";
			showEnvVarsInLog = 0;
		};
		6466F0236B946C765F31DFD4 /* [CP] Embed Pods Frameworks */ = {
			isa = PBXShellScriptBuildPhase;
			buildActionMask = 2147483647;
			files = (
			);
			inputFileListPaths = (
				"${PODS_ROOT}/Target Support Files/Pods-Parstagram/Pods-Parstagram-frameworks-${CONFIGURATION}-input-files.xcfilelist",
			);
			name = "[CP] Embed Pods Frameworks";
			outputFileListPaths = (
				"${PODS_ROOT}/Target Support Files/Pods-Parstagram/Pods-Parstagram-frameworks-${CONFIGURATION}-output-files.xcfilelist",
			);
			runOnlyForDeploymentPostprocessing = 0;
			shellPath = /bin/sh;
			shellScript = "\"${PODS_ROOT}/Target Support Files/Pods-Parstagram/Pods-Parstagram-frameworks.sh\"\n";
			showEnvVarsInLog = 0;
		};
		BB56834AF81AC2C54B33D47E /* [CP] Check Pods Manifest.lock */ = {
			isa = PBXShellScriptBuildPhase;
			buildActionMask = 2147483647;
			files = (
			);
			inputFileListPaths = (
			);
			inputPaths = (
				"${PODS_PODFILE_DIR_PATH}/Podfile.lock",
				"${PODS_ROOT}/Manifest.lock",
			);
			name = "[CP] Check Pods Manifest.lock";
			outputFileListPaths = (
			);
			outputPaths = (
				"$(DERIVED_FILE_DIR)/Pods-ParstagramTests-checkManifestLockResult.txt",
			);
			runOnlyForDeploymentPostprocessing = 0;
			shellPath = /bin/sh;
			shellScript = "diff \"${PODS_PODFILE_DIR_PATH}/Podfile.lock\" \"${PODS_ROOT}/Manifest.lock\" > /dev/null\nif [ $? != 0 ] ; then\n    # print error to STDERR\n    echo \"error: The sandbox is not in sync with the Podfile.lock. Run 'pod install' or update your CocoaPods installation.\" >&2\n    exit 1\nfi\n# This output is used by Xcode 'outputs' to avoid re-running this script phase.\necho \"SUCCESS\" > \"${SCRIPT_OUTPUT_FILE_0}\"\n";
			showEnvVarsInLog = 0;
		};
		CAAD39D5E3DB0EC4F62EF4EB /* [CP] Check Pods Manifest.lock */ = {
			isa = PBXShellScriptBuildPhase;
			buildActionMask = 2147483647;
			files = (
			);
			inputFileListPaths = (
			);
			inputPaths = (
				"${PODS_PODFILE_DIR_PATH}/Podfile.lock",
				"${PODS_ROOT}/Manifest.lock",
			);
			name = "[CP] Check Pods Manifest.lock";
			outputFileListPaths = (
			);
			outputPaths = (
				"$(DERIVED_FILE_DIR)/Pods-Parstagram-checkManifestLockResult.txt",
			);
			runOnlyForDeploymentPostprocessing = 0;
			shellPath = /bin/sh;
			shellScript = "diff \"${PODS_PODFILE_DIR_PATH}/Podfile.lock\" \"${PODS_ROOT}/Manifest.lock\" > /dev/null\nif [ $? != 0 ] ; then\n    # print error to STDERR\n    echo \"error: The sandbox is not in sync with the Podfile.lock. Run 'pod install' or update your CocoaPods installation.\" >&2\n    exit 1\nfi\n# This output is used by Xcode 'outputs' to avoid re-running this script phase.\necho \"SUCCESS\" > \"${SCRIPT_OUTPUT_FILE_0}\"\n";
			showEnvVarsInLog = 0;
		};
/* End PBXShellScriptBuildPhase section */

/* Begin PBXSourcesBuildPhase section */
		9170421A271D4E4F00EE3539 /* Sources */ = {
			isa = PBXSourcesBuildPhase;
			buildActionMask = 2147483647;
			files = (
				913AE967271E6FBC00E0704C /* LoginViewController.swift in Sources */,
				913AE96B271E7A9600E0704C /* CameraViewController.swift in Sources */,
				91704222271D4E4F00EE3539 /* AppDelegate.swift in Sources */,
				913AE969271E6FD100E0704C /* FeedViewController.swift in Sources */,
				91704224271D4E4F00EE3539 /* SceneDelegate.swift in Sources */,
				913AE96D271E862400E0704C /* PostCell.swift in Sources */,
				9129CAB22727AC53009C50BE /* CommentCell.swift in Sources */,
			);
			runOnlyForDeploymentPostprocessing = 0;
		};
		91704230271D4E5000EE3539 /* Sources */ = {
			isa = PBXSourcesBuildPhase;
			buildActionMask = 2147483647;
			files = (
				91704239271D4E5000EE3539 /* ParstagramTests.swift in Sources */,
			);
			runOnlyForDeploymentPostprocessing = 0;
		};
		9170423B271D4E5000EE3539 /* Sources */ = {
			isa = PBXSourcesBuildPhase;
			buildActionMask = 2147483647;
			files = (
				91704244271D4E5000EE3539 /* ParstagramUITests.swift in Sources */,
			);
			runOnlyForDeploymentPostprocessing = 0;
		};
/* End PBXSourcesBuildPhase section */

/* Begin PBXTargetDependency section */
		91704236271D4E5000EE3539 /* PBXTargetDependency */ = {
			isa = PBXTargetDependency;
			target = 9170421D271D4E4F00EE3539 /* Parstagram */;
			targetProxy = 91704235271D4E5000EE3539 /* PBXContainerItemProxy */;
		};
		91704241271D4E5000EE3539 /* PBXTargetDependency */ = {
			isa = PBXTargetDependency;
			target = 9170421D271D4E4F00EE3539 /* Parstagram */;
			targetProxy = 91704240271D4E5000EE3539 /* PBXContainerItemProxy */;
		};
/* End PBXTargetDependency section */

/* Begin PBXVariantGroup section */
		91704227271D4E4F00EE3539 /* Main.storyboard */ = {
			isa = PBXVariantGroup;
			children = (
				91704228271D4E4F00EE3539 /* Base */,
			);
			name = Main.storyboard;
			sourceTree = "<group>";
		};
		9170422C271D4E5000EE3539 /* LaunchScreen.storyboard */ = {
			isa = PBXVariantGroup;
			children = (
				9170422D271D4E5000EE3539 /* Base */,
			);
			name = LaunchScreen.storyboard;
			sourceTree = "<group>";
		};
/* End PBXVariantGroup section */

/* Begin XCBuildConfiguration section */
		91704246271D4E5000EE3539 /* Debug */ = {
			isa = XCBuildConfiguration;
			buildSettings = {
				ALWAYS_SEARCH_USER_PATHS = NO;
				CLANG_ANALYZER_NONNULL = YES;
				CLANG_ANALYZER_NUMBER_OBJECT_CONVERSION = YES_AGGRESSIVE;
				CLANG_CXX_LANGUAGE_STANDARD = "gnu++14";
				CLANG_CXX_LIBRARY = "libc++";
				CLANG_ENABLE_MODULES = YES;
				CLANG_ENABLE_OBJC_ARC = YES;
				CLANG_ENABLE_OBJC_WEAK = YES;
				CLANG_WARN_BLOCK_CAPTURE_AUTORELEASING = YES;
				CLANG_WARN_BOOL_CONVERSION = YES;
				CLANG_WARN_COMMA = YES;
				CLANG_WARN_CONSTANT_CONVERSION = YES;
				CLANG_WARN_DEPRECATED_OBJC_IMPLEMENTATIONS = YES;
				CLANG_WARN_DIRECT_OBJC_ISA_USAGE = YES_ERROR;
				CLANG_WARN_DOCUMENTATION_COMMENTS = YES;
				CLANG_WARN_EMPTY_BODY = YES;
				CLANG_WARN_ENUM_CONVERSION = YES;
				CLANG_WARN_INFINITE_RECURSION = YES;
				CLANG_WARN_INT_CONVERSION = YES;
				CLANG_WARN_NON_LITERAL_NULL_CONVERSION = YES;
				CLANG_WARN_OBJC_IMPLICIT_RETAIN_SELF = YES;
				CLANG_WARN_OBJC_LITERAL_CONVERSION = YES;
				CLANG_WARN_OBJC_ROOT_CLASS = YES_ERROR;
				CLANG_WARN_QUOTED_INCLUDE_IN_FRAMEWORK_HEADER = YES;
				CLANG_WARN_RANGE_LOOP_ANALYSIS = YES;
				CLANG_WARN_STRICT_PROTOTYPES = YES;
				CLANG_WARN_SUSPICIOUS_MOVE = YES;
				CLANG_WARN_UNGUARDED_AVAILABILITY = YES_AGGRESSIVE;
				CLANG_WARN_UNREACHABLE_CODE = YES;
				CLANG_WARN__DUPLICATE_METHOD_MATCH = YES;
				COPY_PHASE_STRIP = NO;
				DEBUG_INFORMATION_FORMAT = dwarf;
				ENABLE_STRICT_OBJC_MSGSEND = YES;
				ENABLE_TESTABILITY = YES;
				GCC_C_LANGUAGE_STANDARD = gnu11;
				GCC_DYNAMIC_NO_PIC = NO;
				GCC_NO_COMMON_BLOCKS = YES;
				GCC_OPTIMIZATION_LEVEL = 0;
				GCC_PREPROCESSOR_DEFINITIONS = (
					"DEBUG=1",
					"$(inherited)",
				);
				GCC_WARN_64_TO_32_BIT_CONVERSION = YES;
				GCC_WARN_ABOUT_RETURN_TYPE = YES_ERROR;
				GCC_WARN_UNDECLARED_SELECTOR = YES;
				GCC_WARN_UNINITIALIZED_AUTOS = YES_AGGRESSIVE;
				GCC_WARN_UNUSED_FUNCTION = YES;
				GCC_WARN_UNUSED_VARIABLE = YES;
				IPHONEOS_DEPLOYMENT_TARGET = 14.5;
				MTL_ENABLE_DEBUG_INFO = INCLUDE_SOURCE;
				MTL_FAST_MATH = YES;
				ONLY_ACTIVE_ARCH = YES;
				SDKROOT = iphoneos;
				SWIFT_ACTIVE_COMPILATION_CONDITIONS = DEBUG;
				SWIFT_OPTIMIZATION_LEVEL = "-Onone";
			};
			name = Debug;
		};
		91704247271D4E5000EE3539 /* Release */ = {
			isa = XCBuildConfiguration;
			buildSettings = {
				ALWAYS_SEARCH_USER_PATHS = NO;
				CLANG_ANALYZER_NONNULL = YES;
				CLANG_ANALYZER_NUMBER_OBJECT_CONVERSION = YES_AGGRESSIVE;
				CLANG_CXX_LANGUAGE_STANDARD = "gnu++14";
				CLANG_CXX_LIBRARY = "libc++";
				CLANG_ENABLE_MODULES = YES;
				CLANG_ENABLE_OBJC_ARC = YES;
				CLANG_ENABLE_OBJC_WEAK = YES;
				CLANG_WARN_BLOCK_CAPTURE_AUTORELEASING = YES;
				CLANG_WARN_BOOL_CONVERSION = YES;
				CLANG_WARN_COMMA = YES;
				CLANG_WARN_CONSTANT_CONVERSION = YES;
				CLANG_WARN_DEPRECATED_OBJC_IMPLEMENTATIONS = YES;
				CLANG_WARN_DIRECT_OBJC_ISA_USAGE = YES_ERROR;
				CLANG_WARN_DOCUMENTATION_COMMENTS = YES;
				CLANG_WARN_EMPTY_BODY = YES;
				CLANG_WARN_ENUM_CONVERSION = YES;
				CLANG_WARN_INFINITE_RECURSION = YES;
				CLANG_WARN_INT_CONVERSION = YES;
				CLANG_WARN_NON_LITERAL_NULL_CONVERSION = YES;
				CLANG_WARN_OBJC_IMPLICIT_RETAIN_SELF = YES;
				CLANG_WARN_OBJC_LITERAL_CONVERSION = YES;
				CLANG_WARN_OBJC_ROOT_CLASS = YES_ERROR;
				CLANG_WARN_QUOTED_INCLUDE_IN_FRAMEWORK_HEADER = YES;
				CLANG_WARN_RANGE_LOOP_ANALYSIS = YES;
				CLANG_WARN_STRICT_PROTOTYPES = YES;
				CLANG_WARN_SUSPICIOUS_MOVE = YES;
				CLANG_WARN_UNGUARDED_AVAILABILITY = YES_AGGRESSIVE;
				CLANG_WARN_UNREACHABLE_CODE = YES;
				CLANG_WARN__DUPLICATE_METHOD_MATCH = YES;
				COPY_PHASE_STRIP = NO;
				DEBUG_INFORMATION_FORMAT = "dwarf-with-dsym";
				ENABLE_NS_ASSERTIONS = NO;
				ENABLE_STRICT_OBJC_MSGSEND = YES;
				GCC_C_LANGUAGE_STANDARD = gnu11;
				GCC_NO_COMMON_BLOCKS = YES;
				GCC_WARN_64_TO_32_BIT_CONVERSION = YES;
				GCC_WARN_ABOUT_RETURN_TYPE = YES_ERROR;
				GCC_WARN_UNDECLARED_SELECTOR = YES;
				GCC_WARN_UNINITIALIZED_AUTOS = YES_AGGRESSIVE;
				GCC_WARN_UNUSED_FUNCTION = YES;
				GCC_WARN_UNUSED_VARIABLE = YES;
				IPHONEOS_DEPLOYMENT_TARGET = 14.5;
				MTL_ENABLE_DEBUG_INFO = NO;
				MTL_FAST_MATH = YES;
				SDKROOT = iphoneos;
				SWIFT_COMPILATION_MODE = wholemodule;
				SWIFT_OPTIMIZATION_LEVEL = "-O";
				VALIDATE_PRODUCT = YES;
			};
			name = Release;
		};
		91704249271D4E5000EE3539 /* Debug */ = {
			isa = XCBuildConfiguration;
			baseConfigurationReference = DBFCBD5D6FC82987F09D2497 /* Pods-Parstagram.debug.xcconfig */;
			buildSettings = {
				ASSETCATALOG_COMPILER_APPICON_NAME = AppIcon;
				ASSETCATALOG_COMPILER_GLOBAL_ACCENT_COLOR_NAME = AccentColor;
				CODE_SIGN_STYLE = Automatic;
				INFOPLIST_FILE = Parstagram/Info.plist;
				LD_RUNPATH_SEARCH_PATHS = (
					"$(inherited)",
					"@executable_path/Frameworks",
				);
				PRODUCT_BUNDLE_IDENTIFIER = qyc.Parstagram;
				PRODUCT_NAME = "$(TARGET_NAME)";
				SWIFT_VERSION = 5.0;
				TARGETED_DEVICE_FAMILY = "1,2";
			};
			name = Debug;
		};
		9170424A271D4E5000EE3539 /* Release */ = {
			isa = XCBuildConfiguration;
			baseConfigurationReference = F366F8A2942398C302F1098E /* Pods-Parstagram.release.xcconfig */;
			buildSettings = {
				ASSETCATALOG_COMPILER_APPICON_NAME = AppIcon;
				ASSETCATALOG_COMPILER_GLOBAL_ACCENT_COLOR_NAME = AccentColor;
				CODE_SIGN_STYLE = Automatic;
				INFOPLIST_FILE = Parstagram/Info.plist;
				LD_RUNPATH_SEARCH_PATHS = (
					"$(inherited)",
					"@executable_path/Frameworks",
				);
				PRODUCT_BUNDLE_IDENTIFIER = qyc.Parstagram;
				PRODUCT_NAME = "$(TARGET_NAME)";
				SWIFT_VERSION = 5.0;
				TARGETED_DEVICE_FAMILY = "1,2";
			};
			name = Release;
		};
		9170424C271D4E5000EE3539 /* Debug */ = {
			isa = XCBuildConfiguration;
			baseConfigurationReference = 9B8F21804C6B1E22898E3F33 /* Pods-ParstagramTests.debug.xcconfig */;
			buildSettings = {
				ALWAYS_EMBED_SWIFT_STANDARD_LIBRARIES = YES;
				BUNDLE_LOADER = "$(TEST_HOST)";
				CODE_SIGN_STYLE = Automatic;
				INFOPLIST_FILE = ParstagramTests/Info.plist;
				IPHONEOS_DEPLOYMENT_TARGET = 14.5;
				LD_RUNPATH_SEARCH_PATHS = (
					"$(inherited)",
					"@executable_path/Frameworks",
					"@loader_path/Frameworks",
				);
				PRODUCT_BUNDLE_IDENTIFIER = qyc.ParstagramTests;
				PRODUCT_NAME = "$(TARGET_NAME)";
				SWIFT_VERSION = 5.0;
				TARGETED_DEVICE_FAMILY = "1,2";
				TEST_HOST = "$(BUILT_PRODUCTS_DIR)/Parstagram.app/Parstagram";
			};
			name = Debug;
		};
		9170424D271D4E5000EE3539 /* Release */ = {
			isa = XCBuildConfiguration;
			baseConfigurationReference = 46923E63B6424A441E43FA45 /* Pods-ParstagramTests.release.xcconfig */;
			buildSettings = {
				ALWAYS_EMBED_SWIFT_STANDARD_LIBRARIES = YES;
				BUNDLE_LOADER = "$(TEST_HOST)";
				CODE_SIGN_STYLE = Automatic;
				INFOPLIST_FILE = ParstagramTests/Info.plist;
				IPHONEOS_DEPLOYMENT_TARGET = 14.5;
				LD_RUNPATH_SEARCH_PATHS = (
					"$(inherited)",
					"@executable_path/Frameworks",
					"@loader_path/Frameworks",
				);
				PRODUCT_BUNDLE_IDENTIFIER = qyc.ParstagramTests;
				PRODUCT_NAME = "$(TARGET_NAME)";
				SWIFT_VERSION = 5.0;
				TARGETED_DEVICE_FAMILY = "1,2";
				TEST_HOST = "$(BUILT_PRODUCTS_DIR)/Parstagram.app/Parstagram";
			};
			name = Release;
		};
		9170424F271D4E5000EE3539 /* Debug */ = {
			isa = XCBuildConfiguration;
			baseConfigurationReference = 5581031D7028E70E5EA15EDD /* Pods-Parstagram-ParstagramUITests.debug.xcconfig */;
			buildSettings = {
				ALWAYS_EMBED_SWIFT_STANDARD_LIBRARIES = YES;
				CODE_SIGN_STYLE = Automatic;
				INFOPLIST_FILE = ParstagramUITests/Info.plist;
				LD_RUNPATH_SEARCH_PATHS = (
					"$(inherited)",
					"@executable_path/Frameworks",
					"@loader_path/Frameworks",
				);
				PRODUCT_BUNDLE_IDENTIFIER = qyc.ParstagramUITests;
				PRODUCT_NAME = "$(TARGET_NAME)";
				SWIFT_VERSION = 5.0;
				TARGETED_DEVICE_FAMILY = "1,2";
				TEST_TARGET_NAME = Parstagram;
			};
			name = Debug;
		};
		91704250271D4E5000EE3539 /* Release */ = {
			isa = XCBuildConfiguration;
			baseConfigurationReference = 29C321535412AB3B16B45346 /* Pods-Parstagram-ParstagramUITests.release.xcconfig */;
			buildSettings = {
				ALWAYS_EMBED_SWIFT_STANDARD_LIBRARIES = YES;
				CODE_SIGN_STYLE = Automatic;
				INFOPLIST_FILE = ParstagramUITests/Info.plist;
				LD_RUNPATH_SEARCH_PATHS = (
					"$(inherited)",
					"@executable_path/Frameworks",
					"@loader_path/Frameworks",
				);
				PRODUCT_BUNDLE_IDENTIFIER = qyc.ParstagramUITests;
				PRODUCT_NAME = "$(TARGET_NAME)";
				SWIFT_VERSION = 5.0;
				TARGETED_DEVICE_FAMILY = "1,2";
				TEST_TARGET_NAME = Parstagram;
			};
			name = Release;
		};
/* End XCBuildConfiguration section */

/* Begin XCConfigurationList section */
		91704219271D4E4F00EE3539 /* Build configuration list for PBXProject "Parstagram" */ = {
			isa = XCConfigurationList;
			buildConfigurations = (
				91704246271D4E5000EE3539 /* Debug */,
				91704247271D4E5000EE3539 /* Release */,
			);
			defaultConfigurationIsVisible = 0;
			defaultConfigurationName = Release;
		};
		91704248271D4E5000EE3539 /* Build configuration list for PBXNativeTarget "Parstagram" */ = {
			isa = XCConfigurationList;
			buildConfigurations = (
				91704249271D4E5000EE3539 /* Debug */,
				9170424A271D4E5000EE3539 /* Release */,
			);
			defaultConfigurationIsVisible = 0;
			defaultConfigurationName = Release;
		};
		9170424B271D4E5000EE3539 /* Build configuration list for PBXNativeTarget "ParstagramTests" */ = {
			isa = XCConfigurationList;
			buildConfigurations = (
				9170424C271D4E5000EE3539 /* Debug */,
				9170424D271D4E5000EE3539 /* Release */,
			);
			defaultConfigurationIsVisible = 0;
			defaultConfigurationName = Release;
		};
		9170424E271D4E5000EE3539 /* Build configuration list for PBXNativeTarget "ParstagramUITests" */ = {
			isa = XCConfigurationList;
			buildConfigurations = (
				9170424F271D4E5000EE3539 /* Debug */,
				91704250271D4E5000EE3539 /* Release */,
			);
			defaultConfigurationIsVisible = 0;
			defaultConfigurationName = Release;
		};
/* End XCConfigurationList section */
	};
	rootObject = 91704216271D4E4F00EE3539 /* Project object */;
}
